{
  "name": "Assistant",
  "version": "1.0.0",
  "lockfileVersion": 1,
  "dependencies": {
    "apiai": {
      "version": "4.0.2",
      "resolved": "https://registry.npmjs.org/apiai/-/apiai-4.0.2.tgz",
      "integrity": "sha1-mk1pIYd+Q87kcZ63NgnaHVIKyFc="
    },
    "emitter-component": {
      "version": "1.1.1",
      "resolved": "https://registry.npmjs.org/emitter-component/-/emitter-component-1.1.1.tgz",
      "integrity": "sha1-Bl4tvtaVm/RwZ57avq95gdEAOrY="
    },
    "events": {
      "version": "1.1.1",
      "resolved": "https://registry.npmjs.org/events/-/events-1.1.1.tgz",
      "integrity": "sha1-nr23Y1rQmccNzEwqH1AEKI6L2SQ="
    },
    "stream": {
      "version": "0.0.2",
      "resolved": "https://registry.npmjs.org/stream/-/stream-0.0.2.tgz",
      "integrity": "sha1-f1Nj8Ff2WSxVlfALyAon9c7B8O8="
    },
    "uuid": {
      "version": "3.1.0",
      "resolved": "https://registry.npmjs.org/uuid/-/uuid-3.1.0.tgz",
      "integrity": "sha512-DIWtzUkw04M4k3bf1IcpS2tngXEL26YUD2M0tMDUpnUrz2hgzUBlD55a4FjdLGPvfHxS6uluGWvaVEqgBcVa+g=="
    }
  }
}
